
Microsoft Visual Studio Solution File, Format Version 12.00
# Visual Studio 15
VisualStudioVersion = 15.0.28307.136
MinimumVisualStudioVersion = 10.0.40219.1
Project("{9A19103F-16F7-4668-BE54-9A1E7A4F7556}") = "crunch", "crunch.csproj", "{22105079-C09A-4DE1-A75E-2A972D1992F2}"
EndProject
Global
	GlobalSection(SolutionConfigurationPlatforms) = preSolution
		Debug|Any CPU = Debug|Any CPU
		Debug|x64 = Debug|x64
		Release|Any CPU = Release|Any CPU
		Release|x64 = Release|x64
	EndGlobalSection
	GlobalSection(ProjectConfigurationPlatforms) = postSolution
		{22105079-C09A-4DE1-A75E-2A972D1992F2}.Debug|Any CPU.ActiveCfg = Debug|Any CPU
		{22105079-C09A-4DE1-A75E-2A972D1992F2}.Debug|Any CPU.Build.0 = Debug|Any CPU
		{22105079-C09A-4DE1-A75E-2A972D1992F2}.Debug|x64.ActiveCfg = Debug|x64
		{22105079-C09A-4DE1-A75E-2A972D1992F2}.Debug|x64.Build.0 = Debug|x64
		{22105079-C09A-4DE1-A75E-2A972D1992F2}.Release|Any CPU.ActiveCfg = Release|Any CPU
		{22105079-C09A-4DE1-A75E-2A972D1992F2}.Release|Any CPU.Build.0 = Release|Any CPU
		{22105079-C09A-4DE1-A75E-2A972D1992F2}.Release|x64.ActiveCfg = Release|x64
		{22105079-C09A-4DE1-A75E-2A972D1992F2}.Release|x64.Build.0 = Release|x64
	EndGlobalSection
	GlobalSection(SolutionProperties) = preSolution
		HideSolutionNode = FALSE
	EndGlobalSection
	GlobalSection(ExtensibilityGlobals) = postSolution
		SolutionGuid = {380F3876-2B31-4829-8359-727468A3E7B8}
	EndGlobalSection
EndGlobal
